
Microsoft Visual Studio Solution File, Format Version 12.00
# Visual Studio 15
VisualStudioVersion = 15.0.27130.2036
MinimumVisualStudioVersion = 10.0.40219.1
Project("{FAE04EC0-301F-11D3-BF4B-00C04F79EFBC}") = "Login_app", "Login_app\Login_app.csproj", "{D4A21D28-6996-4B2B-97F7-E0C321391823}"
EndProject
Global
	GlobalSection(SolutionConfigurationPlatforms) = preSolution
		Debug|Any CPU = Debug|Any CPU
		Release|Any CPU = Release|Any CPU
	EndGlobalSection
	GlobalSection(ProjectConfigurationPlatforms) = postSolution
		{D4A21D28-6996-4B2B-97F7-E0C321391823}.Debug|Any CPU.ActiveCfg = Debug|Any CPU
		{D4A21D28-6996-4B2B-97F7-E0C321391823}.Debug|Any CPU.Build.0 = Debug|Any CPU
		{D4A21D28-6996-4B2B-97F7-E0C321391823}.Debug|Any CPU.Deploy.0 = Debug|Any CPU
		{D4A21D28-6996-4B2B-97F7-E0C321391823}.Release|Any CPU.ActiveCfg = Release|Any CPU
		{D4A21D28-6996-4B2B-97F7-E0C321391823}.Release|Any CPU.Build.0 = Release|Any CPU
		{D4A21D28-6996-4B2B-97F7-E0C321391823}.Release|Any CPU.Deploy.0 = Release|Any CPU
	EndGlobalSection
	GlobalSection(SolutionProperties) = preSolution
		HideSolutionNode = FALSE
	EndGlobalSection
	GlobalSection(ExtensibilityGlobals) = postSolution
		SolutionGuid = {36E9B2FB-61BE-453D-B10D-4D213680AAC1}
	EndGlobalSection
EndGlobal
